
Microsoft Visual Studio Solution File, Format Version 12.00
# Visual Studio 15
VisualStudioVersion = 15.0.27703.2035
MinimumVisualStudioVersion = 10.0.40219.1
Project("{00D1A9C2-B5F0-4AF3-8072-F6C62B433612}") = "FichePatient.Database", "FichePatient.Database\FichePatient.Database.sqlproj", "{682429B9-71A0-4C62-A546-8654665B7F03}"
EndProject
Global
	GlobalSection(SolutionConfigurationPlatforms) = preSolution
		Debug|Any CPU = Debug|Any CPU
		Release|Any CPU = Release|Any CPU
	EndGlobalSection
	GlobalSection(ProjectConfigurationPlatforms) = postSolution
		{682429B9-71A0-4C62-A546-8654665B7F03}.Debug|Any CPU.ActiveCfg = Debug|Any CPU
		{682429B9-71A0-4C62-A546-8654665B7F03}.Debug|Any CPU.Build.0 = Debug|Any CPU
		{682429B9-71A0-4C62-A546-8654665B7F03}.Debug|Any CPU.Deploy.0 = Debug|Any CPU
		{682429B9-71A0-4C62-A546-8654665B7F03}.Release|Any CPU.ActiveCfg = Release|Any CPU
		{682429B9-71A0-4C62-A546-8654665B7F03}.Release|Any CPU.Build.0 = Release|Any CPU
		{682429B9-71A0-4C62-A546-8654665B7F03}.Release|Any CPU.Deploy.0 = Release|Any CPU
	EndGlobalSection
	GlobalSection(SolutionProperties) = preSolution
		HideSolutionNode = FALSE
	EndGlobalSection
	GlobalSection(ExtensibilityGlobals) = postSolution
		SolutionGuid = {E9774560-D2FE-49A1-8619-EF56DCBD178F}
	EndGlobalSection
EndGlobal
